<?xml version="1.0" encoding="utf-8"?>
<Project ToolsVersion="4.0" xmlns="http://schemas.microsoft.com/developer/msbuild/2003">
  <ItemGroup>
    <ClInclude Include="Common\CommonHeaders.h" />
    <ClInclude Include="Common\PrimitiveTypes.h" />
    <ClInclude Include="Common\id.h" />
    <ClInclude Include="Components\ComponentsCommon.h" />
    <ClInclude Include="Components\Transform.h" />
    <ClInclude Include="Utilities\Utilities.h" />
    <ClInclude Include="EngineAPI\GameEntity.h" />
    <ClInclude Include="EngineAPI\TransformComponent.h" />
    <ClInclude Include="Utilities\MathTypes.h" />
    <ClInclude Include="Components\Entity.h" />
    <ClInclude Include="EngineAPI\ScriptComponent.h" />
    <ClInclude Include="Components\Script.h" />
    <ClInclude Include="Content\ContentLoader.h" />
    <ClInclude Include="Platform\Window.h" />
    <ClInclude Include="Platform\Platform.h" />
    <ClInclude Include="Platform\PlatformTypes.h" />
    <ClInclude Include="Graphics\Renderer.h" />
    <ClInclude Include="Utilities\Math.h" />
    <ClInclude Include="Graphics\GraphicsPlatformInterface.h" />
    <ClInclude Include="Graphics\Direct3D12\D3D12Interface.h" />
    <ClInclude Include="Graphics\Direct3D12\D3D12Core.h" />
    <ClInclude Include="Graphics\Direct3D12\D3D12CommonHeaders.h" />
    <ClInclude Include="Graphics\Direct3D12\D3D12Resources.h" />
    <ClInclude Include="Graphics\Direct3D12\D3D12Surface.h" />
    <ClInclude Include="Utilities\FreeList.h" />
    <ClInclude Include="Utilities\Vector.h" />
    <ClInclude Include="Graphics\Direct3D12\D3D12Helpers.h" />
    <ClInclude Include="Graphics\Direct3D12\D3D12Shaders.h" />
    <ClInclude Include="Graphics\Direct3D12\D3D12GPass.h" />
    <ClInclude Include="Graphics\Direct3D12\D3D12PostProcess.h" />
    <ClInclude Include="Platform\IncludeWindowCpp.h" />
    <ClInclude Include="Graphics\OpenGL\OpenglInterface.h" />
    <ClInclude Include="Graphics\OpenGL\OpenglCommonHeaders.h" />
    <ClInclude Include="Graphics\OpenGL\OpenglCore.h" />
    <ClInclude Include="Graphics\OpenGL\OpenglSurface.h" />
    <ClInclude Include="Graphics\OpenGL\OpenglIndexBuffer.h" />
    <ClInclude Include="Graphics\OpenGL\OpenglShader.h" />
    <ClInclude Include="Graphics\OpenGL\OpenglTexture.h" />
    <ClInclude Include="Graphics\OpenGL\OpenglVertexArray.h" />
    <ClInclude Include="Graphics\OpenGL\OpenglVertexBuffer.h" />
    <ClInclude Include="Graphics\OpenGL\OpenglVertexBufferLayout.h" />
    <ClInclude Include="Graphics\OpenGL\OpenglMacros.h" />
    <ClInclude Include="..\..\Opengl2.0\Opengl2.0\src\wglext.h" />
    <ClInclude Include="Graphics\OpenGL\Importers\Common\Importer.h" />
    <ClInclude Include="Graphics\OpenGL\Importers\Common\ImportersCommonHeaders.h" />
    <ClInclude Include="Graphics\OpenGL\Importers\Image\BMP\BmpParser.h" />
    <ClInclude Include="Graphics\OpenGL\Importers\Image\GIF\GifParser.h" />
    <ClInclude Include="Graphics\OpenGL\Importers\Image\HEIF\HeifParser.h" />
    <ClInclude Include="Graphics\OpenGL\Importers\Image\JPG\JpgParser.h" />
    <ClInclude Include="Graphics\OpenGL\Importers\Image\PBM\PbmParser.h" />
    <ClInclude Include="Graphics\OpenGL\Importers\Image\PGM\PgmParser.h" />
    <ClInclude Include="Graphics\OpenGL\Importers\Image\PNG\PngParser.h" />
    <ClInclude Include="Graphics\OpenGL\Importers\Image\PNM\PnmParser.h" />
    <ClInclude Include="Graphics\OpenGL\Importers\Image\PPM\PpmParser.h" />
    <ClInclude Include="Graphics\OpenGL\Importers\Image\SVG\SvgParser.h" />
    <ClInclude Include="Graphics\OpenGL\Importers\Image\TGA\TgaParser.h" />
    <ClInclude Include="Graphics\OpenGL\Importers\Image\TIF\TifParser.h" />
    <ClInclude Include="Graphics\OpenGL\Importers\Image\WebP\WebpParser.h" />
  </ItemGroup>
  <ItemGroup>
    <ClCompile Include="Components\Entity.cpp" />
    <ClCompile Include="Components\Transform.cpp" />
    <ClCompile Include="Components\Script.cpp" />
    <ClCompile Include="Core\Main.cpp" />
    <ClCompile Include="Core\Engine.cpp" />
    <ClCompile Include="Content\ContentLoader.cpp" />
    <ClCompile Include="Platform\PlatformWin32.cpp" />
    <ClCompile Include="Graphics\Renderer.cpp" />
    <ClCompile Include="Graphics\Direct3D12\D3D12Interface.cpp" />
    <ClCompile Include="Graphics\Direct3D12\D3D12Core.cpp" />
    <ClCompile Include="Graphics\Direct3D12\D3D12Resources.cpp" />
    <ClCompile Include="Graphics\Direct3D12\D3D12Surface.cpp" />
    <ClCompile Include="Graphics\Direct3D12\D3D12Helpers.cpp" />
    <ClCompile Include="Graphics\Direct3D12\D3D12Shaders.cpp" />
    <ClCompile Include="Graphics\Direct3D12\D3D12GPass.cpp" />
    <ClCompile Include="Graphics\Direct3D12\D3D12PostProcess.cpp" />
    <ClCompile Include="Platform\Window.cpp" />
    <ClCompile Include="Graphics\OpenGL\OpenglInterface.cpp" />
    <ClCompile Include="Graphics\OpenGL\OpenglCore.cpp" />
    <ClCompile Include="Graphics\OpenGL\OpenglSurface.cpp" />
    <ClCompile Include="Graphics\OpenGL\OpenglIndexBuffer.cpp" />
    <ClCompile Include="Graphics\OpenGL\OpenglShader.cpp" />
    <ClCompile Include="Graphics\OpenGL\OpenglTexture.cpp" />
    <ClCompile Include="Graphics\OpenGL\OpenglVertexArray.cpp" />
    <ClCompile Include="Graphics\OpenGL\OpenglVertexBuffer.cpp" />
    <ClCompile Include="Graphics\OpenGL\OpenglMacros.cpp" />
    <ClCompile Include="Graphics\OpenGL\Importers\Common\Importer.cpp" />
    <ClCompile Include="Graphics\OpenGL\Importers\Image\BMP\BmpParser.cpp" />
    <ClCompile Include="Graphics\OpenGL\Importers\Image\GIF\GifParser.cpp" />
    <ClCompile Include="Graphics\OpenGL\Importers\Image\HEIF\HeifParser.cpp" />
    <ClCompile Include="Graphics\OpenGL\Importers\Image\JPG\JpgParser.cpp" />
    <ClCompile Include="Graphics\OpenGL\Importers\Image\PBM\PbmParser.cpp" />
    <ClCompile Include="Graphics\OpenGL\Importers\Image\PGM\PgmParser.cpp" />
    <ClCompile Include="Graphics\OpenGL\Importers\Image\PNG\PngParser.cpp" />
    <ClCompile Include="Graphics\OpenGL\Importers\Image\PNM\PnmParser.cpp" />
    <ClCompile Include="Graphics\OpenGL\Importers\Image\PPM\PpmParser.cpp" />
    <ClCompile Include="Graphics\OpenGL\Importers\Image\SVG\SvgParser.cpp" />
    <ClCompile Include="Graphics\OpenGL\Importers\Image\TGA\TgaParser.cpp" />
    <ClCompile Include="Graphics\OpenGL\Importers\Image\TIF\TifParser.cpp" />
    <ClCompile Include="Graphics\OpenGL\Importers\Image\WebP\WebpParser.cpp" />
  </ItemGroup>
</Project>